
Microsoft Visual Studio Solution File, Format Version 12.00
# Visual Studio 15
VisualStudioVersion = 15.0.28307.168
MinimumVisualStudioVersion = 10.0.40219.1
Project("{FAE04EC0-301F-11D3-BF4B-00C04F79EFBC}") = "App", "App\App.csproj", "{7644985C-B372-4DEE-BD13-F53F5ACF47F2}"
EndProject
Global
	GlobalSection(SolutionConfigurationPlatforms) = preSolution
		Debug|Any CPU = Debug|Any CPU
		Release|Any CPU = Release|Any CPU
	EndGlobalSection
	GlobalSection(ProjectConfigurationPlatforms) = postSolution
		{7644985C-B372-4DEE-BD13-F53F5ACF47F2}.Debug|Any CPU.ActiveCfg = Debug|Any CPU
		{7644985C-B372-4DEE-BD13-F53F5ACF47F2}.Debug|Any CPU.Build.0 = Debug|Any CPU
		{7644985C-B372-4DEE-BD13-F53F5ACF47F2}.Release|Any CPU.ActiveCfg = Release|Any CPU
		{7644985C-B372-4DEE-BD13-F53F5ACF47F2}.Release|Any CPU.Build.0 = Release|Any CPU
	EndGlobalSection
	GlobalSection(SolutionProperties) = preSolution
		HideSolutionNode = FALSE
	EndGlobalSection
	GlobalSection(ExtensibilityGlobals) = postSolution
		SolutionGuid = {4252614C-4C52-4403-9227-BF323857B0D0}
	EndGlobalSection
EndGlobal
